// !$*UTF8*$!
{
	archiveVersion = 1;
	classes = {
	};
	objectVersion = 50;
	objects = {

/* Begin PBXBuildFile section */
		C9F5A133211DBE5A00E8C364 /* AppDelegate.swift in Sources */ = {isa = PBXBuildFile; fileRef = C9F5A132211DBE5A00E8C364 /* AppDelegate.swift */; };
		C9F5A135211DBE5A00E8C364 /* ViewController.swift in Sources */ = {isa = PBXBuildFile; fileRef = C9F5A134211DBE5A00E8C364 /* ViewController.swift */; };
		C9F5A138211DBE5A00E8C364 /* Main.storyboard in Resources */ = {isa = PBXBuildFile; fileRef = C9F5A136211DBE5A00E8C364 /* Main.storyboard */; };
		C9F5A13A211DBE5B00E8C364 /* Assets.xcassets in Resources */ = {isa = PBXBuildFile; fileRef = C9F5A139211DBE5B00E8C364 /* Assets.xcassets */; };
		C9F5A13D211DBE5B00E8C364 /* LaunchScreen.storyboard in Resources */ = {isa = PBXBuildFile; fileRef = C9F5A13B211DBE5B00E8C364 /* LaunchScreen.storyboard */; };
/* End PBXBuildFile section */

/* Begin PBXFileReference section */
		C9F5A12F211DBE5A00E8C364 /* UITableViewCell-Tooltip.app */ = {isa = PBXFileReference; explicitFileType = wrapper.application; includeInIndex = 0; path = "UITableViewCell-Tooltip.app"; sourceTree = BUILT_PRODUCTS_DIR; };
		C9F5A132211DBE5A00E8C364 /* AppDelegate.swift */ = {isa = PBXFileReference; lastKnownFileType = sourcecode.swift; path = AppDelegate.swift; sourceTree = "<group>"; };
		C9F5A134211DBE5A00E8C364 /* ViewController.swift */ = {isa = PBXFileReference; lastKnownFileType = sourcecode.swift; path = ViewController.swift; sourceTree = "<group>"; };
		C9F5A137211DBE5A00E8C364 /* Base */ = {isa = PBXFileReference; lastKnownFileType = file.storyboard; name = Base; path = Base.lproj/Main.storyboard; sourceTree = "<group>"; };
		C9F5A139211DBE5B00E8C364 /* Assets.xcassets */ = {isa = PBXFileReference; lastKnownFileType = folder.assetcatalog; path = Assets.xcassets; sourceTree = "<group>"; };
		C9F5A13C211DBE5B00E8C364 /* Base */ = {isa = PBXFileReference; lastKnownFileType = file.storyboard; name = Base; path = Base.lproj/LaunchScreen.storyboard; sourceTree = "<group>"; };
		C9F5A13E211DBE5B00E8C364 /* Info.plist */ = {isa = PBXFileReference; lastKnownFileType = text.plist.xml; path = Info.plist; sourceTree = "<group>"; };
/* End PBXFileReference section */

/* Begin PBXFrameworksBuildPhase section */
		C9F5A12C211DBE5A00E8C364 /* Frameworks */ = {
			isa = PBXFrameworksBuildPhase;
			buildActionMask = 2147483647;
			files = (
			);
			runOnlyForDeploymentPostprocessing = 0;
		};
/* End PBXFrameworksBuildPhase section */

/* Begin PBXGroup section */
		C9F5A126211DBE5A00E8C364 = {
			isa = PBXGroup;
			children = (
				C9F5A131211DBE5A00E8C364 /* UITableViewCell-Tooltip */,
				C9F5A130211DBE5A00E8C364 /* Products */,
			);
			sourceTree = "<group>";
		};
		C9F5A130211DBE5A00E8C364 /* Products */ = {
			isa = PBXGroup;
			children = (
				C9F5A12F211DBE5A00E8C364 /* UITableViewCell-Tooltip.app */,
			);
			name = Products;
			sourceTree = "<group>";
		};
		C9F5A131211DBE5A00E8C364 /* UITableViewCell-Tooltip */ = {
			isa = PBXGroup;
			children = (
				C9F5A132211DBE5A00E8C364 /* AppDelegate.swift */,
				C9F5A134211DBE5A00E8C364 /* ViewController.swift */,
				C9F5A136211DBE5A00E8C364 /* Main.storyboard */,
				C9F5A139211DBE5B00E8C364 /* Assets.xcassets */,
				C9F5A13B211DBE5B00E8C364 /* LaunchScreen.storyboard */,
				C9F5A13E211DBE5B00E8C364 /* Info.plist */,
			);
			path = "UITableViewCell-Tooltip";
			sourceTree = "<group>";
		};
/* End PBXGroup section */

/* Begin PBXNativeTarget section */
		C9F5A12E211DBE5A00E8C364 /* UITableViewCell-Tooltip */ = {
			isa = PBXNativeTarget;
			buildConfigurationList = C9F5A141211DBE5B00E8C364 /* Build configuration list for PBXNativeTarget "UITableViewCell-Tooltip" */;
			buildPhases = (
				C9F5A12B211DBE5A00E8C364 /* Sources */,
				C9F5A12C211DBE5A00E8C364 /* Frameworks */,
				C9F5A12D211DBE5A00E8C364 /* Resources */,
			);
			buildRules = (
			);
			dependencies = (
			);
			name = "UITableViewCell-Tooltip";
			productName = "UITableViewCell-Tooltip";
			productReference = C9F5A12F211DBE5A00E8C364 /* UITableViewCell-Tooltip.app */;
			productType = "com.apple.product-type.application";
		};
/* End PBXNativeTarget section */

/* Begin PBXProject section */
		C9F5A127211DBE5A00E8C364 /* Project object */ = {
			isa = PBXProject;
			attributes = {
				LastSwiftUpdateCheck = 0940;
				LastUpgradeCheck = 0940;
				ORGANIZATIONNAME = "Harshal Wani";
				TargetAttributes = {
					C9F5A12E211DBE5A00E8C364 = {
						CreatedOnToolsVersion = 9.4;
					};
				};
			};
			buildConfigurationList = C9F5A12A211DBE5A00E8C364 /* Build configuration list for PBXProject "UITableViewCell-Tooltip" */;
			compatibilityVersion = "Xcode 9.3";
			developmentRegion = en;
			hasScannedForEncodings = 0;
			knownRegions = (
				en,
				Base,
			);
			mainGroup = C9F5A126211DBE5A00E8C364;
			productRefGroup = C9F5A130211DBE5A00E8C364 /* Products */;
			projectDirPath = "";
			projectRoot = "";
			targets = (
				C9F5A12E211DBE5A00E8C364 /* UITableViewCell-Tooltip */,
			);
		};
/* End PBXProject section */

/* Begin PBXResourcesBuildPhase section */
		C9F5A12D211DBE5A00E8C364 /* Resources */ = {
			isa = PBXResourcesBuildPhase;
			buildActionMask = 2147483647;
			files = (
				C9F5A13D211DBE5B00E8C364 /* LaunchScreen.storyboard in Resources */,
				C9F5A13A211DBE5B00E8C364 /* Assets.xcassets in Resources */,
				C9F5A138211DBE5A00E8C364 /* Main.storyboard in Resources */,
			);
			runOnlyForDeploymentPostprocessing = 0;
		};
/* End PBXResourcesBuildPhase section */

/* Begin PBXSourcesBuildPhase section */
		C9F5A12B211DBE5A00E8C364 /* Sources */ = {
			isa = PBXSourcesBuildPhase;
			buildActionMask = 2147483647;
			files = (
				C9F5A135211DBE5A00E8C364 /* ViewController.swift in Sources */,
				C9F5A133211DBE5A00E8C364 /* AppDelegate.swift in Sources */,
			);
			runOnlyForDeploymentPostprocessing = 0;
		};
/* End PBXSourcesBuildPhase section */

/* Begin PBXVariantGroup section */
		C9F5A136211DBE5A00E8C364 /* Main.storyboard */ = {
			isa = PBXVariantGroup;
			children = (
				C9F5A137211DBE5A00E8C364 /* Base */,
			);
			name = Main.storyboard;
			sourceTree = "<group>";
		};
		C9F5A13B211DBE5B00E8C364 /* LaunchScreen.storyboard */ = {
			isa = PBXVariantGroup;
			children = (
				C9F5A13C211DBE5B00E8C364 /* Base */,
			);
			name = LaunchScreen.storyboard;
			sourceTree = "<group>";
		};
/* End PBXVariantGroup section */

/* Begin XCBuildConfiguration section */
		C9F5A13F211DBE5B00E8C364 /* Debug */ = {
			isa = XCBuildConfiguration;
			buildSettings = {
				ALWAYS_SEARCH_USER_PATHS = NO;
				CLANG_ANALYZER_NONNULL = YES;
				CLANG_ANALYZER_NUMBER_OBJECT_CONVERSION = YES_AGGRESSIVE;
				CLANG_CXX_LANGUAGE_STANDARD = "gnu++14";
				CLANG_CXX_LIBRARY = "libc++";
				CLANG_ENABLE_MODULES = YES;
				CLANG_ENABLE_OBJC_ARC = YES;
				CLANG_ENABLE_OBJC_WEAK = YES;
				CLANG_WARN_BLOCK_CAPTURE_AUTORELEASING = YES;
				CLANG_WARN_BOOL_CONVERSION = YES;
				CLANG_WARN_COMMA = YES;
				CLANG_WARN_CONSTANT_CONVERSION = YES;
				CLANG_WARN_DEPRECATED_OBJC_IMPLEMENTATIONS = YES;
				CLANG_WARN_DIRECT_OBJC_ISA_USAGE = YES_ERROR;
				CLANG_WARN_DOCUMENTATION_COMMENTS = YES;
				CLANG_WARN_EMPTY_BODY = YES;
				CLANG_WARN_ENUM_CONVERSION = YES;
				CLANG_WARN_INFINITE_RECURSION = YES;
				CLANG_WARN_INT_CONVERSION = YES;
				CLANG_WARN_NON_LITERAL_NULL_CONVERSION = YES;
				CLANG_WARN_OBJC_IMPLICIT_RETAIN_SELF = YES;
				CLANG_WARN_OBJC_LITERAL_CONVERSION = YES;
				CLANG_WARN_OBJC_ROOT_CLASS = YES_ERROR;
				CLANG_WARN_RANGE_LOOP_ANALYSIS = YES;
				CLANG_WARN_STRICT_PROTOTYPES = YES;
				CLANG_WARN_SUSPICIOUS_MOVE = YES;
				CLANG_WARN_UNGUARDED_AVAILABILITY = YES_AGGRESSIVE;
				CLANG_WARN_UNREACHABLE_CODE = YES;
				CLANG_WARN__DUPLICATE_METHOD_MATCH = YES;
				CODE_SIGN_IDENTITY = "iPhone Developer";
				COPY_PHASE_STRIP = NO;
				DEBUG_INFORMATION_FORMAT = dwarf;
				ENABLE_STRICT_OBJC_MSGSEND = YES;
				ENABLE_TESTABILITY = YES;
				GCC_C_LANGUAGE_STANDARD = gnu11;
				GCC_DYNAMIC_NO_PIC = NO;
				GCC_NO_COMMON_BLOCKS = YES;
				GCC_OPTIMIZATION_LEVEL = 0;
				GCC_PREPROCESSOR_DEFINITIONS = (
					"DEBUG=1",
					"$(inherited)",
				);
				GCC_WARN_64_TO_32_BIT_CONVERSION = YES;
				GCC_WARN_ABOUT_RETURN_TYPE = YES_ERROR;
				GCC_WARN_UNDECLARED_SELECTOR = YES;
				GCC_WARN_UNINITIALIZED_AUTOS = YES_AGGRESSIVE;
				GCC_WARN_UNUSED_FUNCTION = YES;
				GCC_WARN_UNUSED_VARIABLE = YES;
				IPHONEOS_DEPLOYMENT_TARGET = 11.4;
				MTL_ENABLE_DEBUG_INFO = YES;
				ONLY_ACTIVE_ARCH = YES;
				SDKROOT = iphoneos;
				SWIFT_ACTIVE_COMPILATION_CONDITIONS = DEBUG;
				SWIFT_OPTIMIZATION_LEVEL = "-Onone";
			};
			name = Debug;
		};
		C9F5A140211DBE5B00E8C364 /* Release */ = {
			isa = XCBuildConfiguration;
			buildSettings = {
				ALWAYS_SEARCH_USER_PATHS = NO;
				CLANG_ANALYZER_NONNULL = YES;
				CLANG_ANALYZER_NUMBER_OBJECT_CONVERSION = YES_AGGRESSIVE;
				CLANG_CXX_LANGUAGE_STANDARD = "gnu++14";
				CLANG_CXX_LIBRARY = "libc++";
				CLANG_ENABLE_MODULES = YES;
				CLANG_ENABLE_OBJC_ARC = YES;
				CLANG_ENABLE_OBJC_WEAK = YES;
				CLANG_WARN_BLOCK_CAPTURE_AUTORELEASING = YES;
				CLANG_WARN_BOOL_CONVERSION = YES;
				CLANG_WARN_COMMA = YES;
				CLANG_WARN_CONSTANT_CONVERSION = YES;
				CLANG_WARN_DEPRECATED_OBJC_IMPLEMENTATIONS = YES;
				CLANG_WARN_DIRECT_OBJC_ISA_USAGE = YES_ERROR;
				CLANG_WARN_DOCUMENTATION_COMMENTS = YES;
				CLANG_WARN_EMPTY_BODY = YES;
				CLANG_WARN_ENUM_CONVERSION = YES;
				CLANG_WARN_INFINITE_RECURSION = YES;
				CLANG_WARN_INT_CONVERSION = YES;
				CLANG_WARN_NON_LITERAL_NULL_CONVERSION = YES;
				CLANG_WARN_OBJC_IMPLICIT_RETAIN_SELF = YES;
				CLANG_WARN_OBJC_LITERAL_CONVERSION = YES;
				CLANG_WARN_OBJC_ROOT_CLASS = YES_ERROR;
				CLANG_WARN_RANGE_LOOP_ANALYSIS = YES;
				CLANG_WARN_STRICT_PROTOTYPES = YES;
				CLANG_WARN_SUSPICIOUS_MOVE = YES;
				CLANG_WARN_UNGUARDED_AVAILABILITY = YES_AGGRESSIVE;
				CLANG_WARN_UNREACHABLE_CODE = YES;
				CLANG_WARN__DUPLICATE_METHOD_MATCH = YES;
				CODE_SIGN_IDENTITY = "iPhone Developer";
				COPY_PHASE_STRIP = NO;
				DEBUG_INFORMATION_FORMAT = "dwarf-with-dsym";
				ENABLE_NS_ASSERTIONS = NO;
				ENABLE_STRICT_OBJC_MSGSEND = YES;
				GCC_C_LANGUAGE_STANDARD = gnu11;
				GCC_NO_COMMON_BLOCKS = YES;
				GCC_WARN_64_TO_32_BIT_CONVERSION = YES;
				GCC_WARN_ABOUT_RETURN_TYPE = YES_ERROR;
				GCC_WARN_UNDECLARED_SELECTOR = YES;
				GCC_WARN_UNINITIALIZED_AUTOS = YES_AGGRESSIVE;
				GCC_WARN_UNUSED_FUNCTION = YES;
				GCC_WARN_UNUSED_VARIABLE = YES;
				IPHONEOS_DEPLOYMENT_TARGET = 11.4;
				MTL_ENABLE_DEBUG_INFO = NO;
				SDKROOT = iphoneos;
				SWIFT_COMPILATION_MODE = wholemodule;
				SWIFT_OPTIMIZATION_LEVEL = "-O";
				VALIDATE_PRODUCT = YES;
			};
			name = Release;
		};
		C9F5A142211DBE5B00E8C364 /* Debug */ = {
			isa = XCBuildConfiguration;
			buildSettings = {
				ASSETCATALOG_COMPILER_APPICON_NAME = AppIcon;
				CODE_SIGN_STYLE = Automatic;
				INFOPLIST_FILE = "UITableViewCell-Tooltip/Info.plist";
				LD_RUNPATH_SEARCH_PATHS = (
					"$(inherited)",
					"@executable_path/Frameworks",
				);
				PRODUCT_BUNDLE_IDENTIFIER = "com.harshal.UITableViewCell-Tooltip";
				PRODUCT_NAME = "$(TARGET_NAME)";
				SWIFT_VERSION = 4.0;
				TARGETED_DEVICE_FAMILY = "1,2";
			};
			name = Debug;
		};
		C9F5A143211DBE5B00E8C364 /* Release */ = {
			isa = XCBuildConfiguration;
			buildSettings = {
				ASSETCATALOG_COMPILER_APPICON_NAME = AppIcon;
				CODE_SIGN_STYLE = Automatic;
				INFOPLIST_FILE = "UITableViewCell-Tooltip/Info.plist";
				LD_RUNPATH_SEARCH_PATHS = (
					"$(inherited)",
					"@executable_path/Frameworks",
				);
				PRODUCT_BUNDLE_IDENTIFIER = "com.harshal.UITableViewCell-Tooltip";
				PRODUCT_NAME = "$(TARGET_NAME)";
				SWIFT_VERSION = 4.0;
				TARGETED_DEVICE_FAMILY = "1,2";
			};
			name = Release;
		};
/* End XCBuildConfiguration section */

/* Begin XCConfigurationList section */
		C9F5A12A211DBE5A00E8C364 /* Build configuration list for PBXProject "UITableViewCell-Tooltip" */ = {
			isa = XCConfigurationList;
			buildConfigurations = (
				C9F5A13F211DBE5B00E8C364 /* Debug */,
				C9F5A140211DBE5B00E8C364 /* Release */,
			);
			defaultConfigurationIsVisible = 0;
			defaultConfigurationName = Release;
		};
		C9F5A141211DBE5B00E8C364 /* Build configuration list for PBXNativeTarget "UITableViewCell-Tooltip" */ = {
			isa = XCConfigurationList;
			buildConfigurations = (
				C9F5A142211DBE5B00E8C364 /* Debug */,
				C9F5A143211DBE5B00E8C364 /* Release */,
			);
			defaultConfigurationIsVisible = 0;
			defaultConfigurationName = Release;
		};
/* End XCConfigurationList section */
	};
	rootObject = C9F5A127211DBE5A00E8C364 /* Project object */;
}
